
Microsoft Visual Studio Solution File, Format Version 12.00
# Visual Studio Version 16
VisualStudioVersion = 16.0.31402.337
MinimumVisualStudioVersion = 10.0.40219.1
Project("{8BC9CEB8-8B4A-11D0-8D11-00A0C91BC942}") = "chapter3_C언어연습", "chapter3_C언어연습.vcxproj", "{5042B716-F18C-4C8B-B494-BF601599DDA6}"
EndProject
Global
	GlobalSection(SolutionConfigurationPlatforms) = preSolution
		Debug|x64 = Debug|x64
		Debug|x86 = Debug|x86
		Release|x64 = Release|x64
		Release|x86 = Release|x86
	EndGlobalSection
	GlobalSection(ProjectConfigurationPlatforms) = postSolution
		{5042B716-F18C-4C8B-B494-BF601599DDA6}.Debug|x64.ActiveCfg = Debug|x64
		{5042B716-F18C-4C8B-B494-BF601599DDA6}.Debug|x64.Build.0 = Debug|x64
		{5042B716-F18C-4C8B-B494-BF601599DDA6}.Debug|x86.ActiveCfg = Debug|Win32
		{5042B716-F18C-4C8B-B494-BF601599DDA6}.Debug|x86.Build.0 = Debug|Win32
		{5042B716-F18C-4C8B-B494-BF601599DDA6}.Release|x64.ActiveCfg = Release|x64
		{5042B716-F18C-4C8B-B494-BF601599DDA6}.Release|x64.Build.0 = Release|x64
		{5042B716-F18C-4C8B-B494-BF601599DDA6}.Release|x86.ActiveCfg = Release|Win32
		{5042B716-F18C-4C8B-B494-BF601599DDA6}.Release|x86.Build.0 = Release|Win32
	EndGlobalSection
	GlobalSection(SolutionProperties) = preSolution
		HideSolutionNode = FALSE
	EndGlobalSection
	GlobalSection(ExtensibilityGlobals) = postSolution
		SolutionGuid = {951F3C08-4316-4B63-8147-3BAB776E411C}
	EndGlobalSection
EndGlobal
